// !$*UTF8*$!
{
	archiveVersion = 1;
	classes = {
	};
	objectVersion = 46;
	objects = {

/* Begin PBXBuildFile section */
		09AFCDA71E64B81900AD1343 /* AppDelegate.swift in Sources */ = {isa = PBXBuildFile; fileRef = 09AFCDA61E64B81900AD1343 /* AppDelegate.swift */; };
		09AFCDAC1E64B81900AD1343 /* Main.storyboard in Resources */ = {isa = PBXBuildFile; fileRef = 09AFCDAA1E64B81900AD1343 /* Main.storyboard */; };
		09AFCDAE1E64B81900AD1343 /* Assets.xcassets in Resources */ = {isa = PBXBuildFile; fileRef = 09AFCDAD1E64B81900AD1343 /* Assets.xcassets */; };
		09AFCDB11E64B81900AD1343 /* LaunchScreen.storyboard in Resources */ = {isa = PBXBuildFile; fileRef = 09AFCDAF1E64B81900AD1343 /* LaunchScreen.storyboard */; };
		09AFCDB91E64B93A00AD1343 /* TM_PrimerWebServiceTVCTableViewController.swift in Sources */ = {isa = PBXBuildFile; fileRef = 09AFCDB81E64B93A00AD1343 /* TM_PrimerWebServiceTVCTableViewController.swift */; };
		09AFCDBB1E64B96E00AD1343 /* TM_WSPostModel.swift in Sources */ = {isa = PBXBuildFile; fileRef = 09AFCDBA1E64B96E00AD1343 /* TM_WSPostModel.swift */; };
		09AFCDBD1E64BA8C00AD1343 /* APIUTILS.swift in Sources */ = {isa = PBXBuildFile; fileRef = 09AFCDBC1E64BA8C00AD1343 /* APIUTILS.swift */; };
		09AFCDBF1E64BFE400AD1343 /* Podfile in Resources */ = {isa = PBXBuildFile; fileRef = 09AFCDBE1E64BFE400AD1343 /* Podfile */; };
		88FC1DC286825DBA8B145468 /* Pods_TM_APPIntroWebService.framework in Frameworks */ = {isa = PBXBuildFile; fileRef = 64D16302F089F7EFE32AD9AC /* Pods_TM_APPIntroWebService.framework */; };
/* End PBXBuildFile section */

/* Begin PBXFileReference section */
		09AFCDA31E64B81900AD1343 /* TM_APPIntroWebService.app */ = {isa = PBXFileReference; explicitFileType = wrapper.application; includeInIndex = 0; path = TM_APPIntroWebService.app; sourceTree = BUILT_PRODUCTS_DIR; };
		09AFCDA61E64B81900AD1343 /* AppDelegate.swift */ = {isa = PBXFileReference; lastKnownFileType = sourcecode.swift; path = AppDelegate.swift; sourceTree = "<group>"; };
		09AFCDAB1E64B81900AD1343 /* Base */ = {isa = PBXFileReference; lastKnownFileType = file.storyboard; name = Base; path = Base.lproj/Main.storyboard; sourceTree = "<group>"; };
		09AFCDAD1E64B81900AD1343 /* Assets.xcassets */ = {isa = PBXFileReference; lastKnownFileType = folder.assetcatalog; path = Assets.xcassets; sourceTree = "<group>"; };
		09AFCDB01E64B81900AD1343 /* Base */ = {isa = PBXFileReference; lastKnownFileType = file.storyboard; name = Base; path = Base.lproj/LaunchScreen.storyboard; sourceTree = "<group>"; };
		09AFCDB21E64B81900AD1343 /* Info.plist */ = {isa = PBXFileReference; lastKnownFileType = text.plist.xml; path = Info.plist; sourceTree = "<group>"; };
		09AFCDB81E64B93A00AD1343 /* TM_PrimerWebServiceTVCTableViewController.swift */ = {isa = PBXFileReference; fileEncoding = 4; lastKnownFileType = sourcecode.swift; path = TM_PrimerWebServiceTVCTableViewController.swift; sourceTree = "<group>"; };
		09AFCDBA1E64B96E00AD1343 /* TM_WSPostModel.swift */ = {isa = PBXFileReference; fileEncoding = 4; lastKnownFileType = sourcecode.swift; path = TM_WSPostModel.swift; sourceTree = "<group>"; };
		09AFCDBC1E64BA8C00AD1343 /* APIUTILS.swift */ = {isa = PBXFileReference; fileEncoding = 4; lastKnownFileType = sourcecode.swift; path = APIUTILS.swift; sourceTree = "<group>"; };
		09AFCDBE1E64BFE400AD1343 /* Podfile */ = {isa = PBXFileReference; fileEncoding = 4; lastKnownFileType = text; path = Podfile; sourceTree = "<group>"; xcLanguageSpecificationIdentifier = xcode.lang.ruby; };
		64D16302F089F7EFE32AD9AC /* Pods_TM_APPIntroWebService.framework */ = {isa = PBXFileReference; explicitFileType = wrapper.framework; includeInIndex = 0; path = Pods_TM_APPIntroWebService.framework; sourceTree = BUILT_PRODUCTS_DIR; };
		8E1386C742DD9E501BCB8197 /* Pods-TM_APPIntroWebService.release.xcconfig */ = {isa = PBXFileReference; includeInIndex = 1; lastKnownFileType = text.xcconfig; name = "Pods-TM_APPIntroWebService.release.xcconfig"; path = "Pods/Target Support Files/Pods-TM_APPIntroWebService/Pods-TM_APPIntroWebService.release.xcconfig"; sourceTree = "<group>"; };
		A6C391C4FDBD1BE4051BCAA4 /* Pods-TM_APPIntroWebService.debug.xcconfig */ = {isa = PBXFileReference; includeInIndex = 1; lastKnownFileType = text.xcconfig; name = "Pods-TM_APPIntroWebService.debug.xcconfig"; path = "Pods/Target Support Files/Pods-TM_APPIntroWebService/Pods-TM_APPIntroWebService.debug.xcconfig"; sourceTree = "<group>"; };
/* End PBXFileReference section */

/* Begin PBXFrameworksBuildPhase section */
		09AFCDA01E64B81900AD1343 /* Frameworks */ = {
			isa = PBXFrameworksBuildPhase;
			buildActionMask = 2147483647;
			files = (
				88FC1DC286825DBA8B145468 /* Pods_TM_APPIntroWebService.framework in Frameworks */,
			);
			runOnlyForDeploymentPostprocessing = 0;
		};
/* End PBXFrameworksBuildPhase section */

/* Begin PBXGroup section */
		09AFCD9A1E64B81900AD1343 = {
			isa = PBXGroup;
			children = (
				09AFCDBE1E64BFE400AD1343 /* Podfile */,
				09AFCDB81E64B93A00AD1343 /* TM_PrimerWebServiceTVCTableViewController.swift */,
				09AFCDA51E64B81900AD1343 /* TM_APPIntroWebService */,
				09AFCDA41E64B81900AD1343 /* Products */,
				9D27F05BE074173ACA213963 /* Pods */,
				57E0AB5F5B0D972775A61D55 /* Frameworks */,
			);
			sourceTree = "<group>";
		};
		09AFCDA41E64B81900AD1343 /* Products */ = {
			isa = PBXGroup;
			children = (
				09AFCDA31E64B81900AD1343 /* TM_APPIntroWebService.app */,
			);
			name = Products;
			sourceTree = "<group>";
		};
		09AFCDA51E64B81900AD1343 /* TM_APPIntroWebService */ = {
			isa = PBXGroup;
			children = (
				09AFCDA61E64B81900AD1343 /* AppDelegate.swift */,
				09AFCDBA1E64B96E00AD1343 /* TM_WSPostModel.swift */,
				09AFCDBC1E64BA8C00AD1343 /* APIUTILS.swift */,
				09AFCDAA1E64B81900AD1343 /* Main.storyboard */,
				09AFCDAD1E64B81900AD1343 /* Assets.xcassets */,
				09AFCDAF1E64B81900AD1343 /* LaunchScreen.storyboard */,
				09AFCDB21E64B81900AD1343 /* Info.plist */,
			);
			path = TM_APPIntroWebService;
			sourceTree = "<group>";
		};
		57E0AB5F5B0D972775A61D55 /* Frameworks */ = {
			isa = PBXGroup;
			children = (
				64D16302F089F7EFE32AD9AC /* Pods_TM_APPIntroWebService.framework */,
			);
			name = Frameworks;
			sourceTree = "<group>";
		};
		9D27F05BE074173ACA213963 /* Pods */ = {
			isa = PBXGroup;
			children = (
				A6C391C4FDBD1BE4051BCAA4 /* Pods-TM_APPIntroWebService.debug.xcconfig */,
				8E1386C742DD9E501BCB8197 /* Pods-TM_APPIntroWebService.release.xcconfig */,
			);
			name = Pods;
			sourceTree = "<group>";
		};
/* End PBXGroup section */

/* Begin PBXNativeTarget section */
		09AFCDA21E64B81900AD1343 /* TM_APPIntroWebService */ = {
			isa = PBXNativeTarget;
			buildConfigurationList = 09AFCDB51E64B81900AD1343 /* Build configuration list for PBXNativeTarget "TM_APPIntroWebService" */;
			buildPhases = (
				C289632A285CF27A4CD5A26C /* [CP] Check Pods Manifest.lock */,
				09AFCD9F1E64B81900AD1343 /* Sources */,
				09AFCDA01E64B81900AD1343 /* Frameworks */,
				09AFCDA11E64B81900AD1343 /* Resources */,
				B9B5AED0BA30AD37BAA9DBA0 /* [CP] Embed Pods Frameworks */,
				B7AF4E24263C432C523DA4EA /* [CP] Copy Pods Resources */,
			);
			buildRules = (
			);
			dependencies = (
			);
			name = TM_APPIntroWebService;
			productName = TM_APPIntroWebService;
			productReference = 09AFCDA31E64B81900AD1343 /* TM_APPIntroWebService.app */;
			productType = "com.apple.product-type.application";
		};
/* End PBXNativeTarget section */

/* Begin PBXProject section */
		09AFCD9B1E64B81900AD1343 /* Project object */ = {
			isa = PBXProject;
			attributes = {
				LastSwiftUpdateCheck = 0820;
				LastUpgradeCheck = 0820;
				ORGANIZATIONNAME = cice;
				TargetAttributes = {
					09AFCDA21E64B81900AD1343 = {
						CreatedOnToolsVersion = 8.2.1;
						ProvisioningStyle = Automatic;
					};
				};
			};
			buildConfigurationList = 09AFCD9E1E64B81900AD1343 /* Build configuration list for PBXProject "TM_APPIntroWebService" */;
			compatibilityVersion = "Xcode 3.2";
			developmentRegion = English;
			hasScannedForEncodings = 0;
			knownRegions = (
				en,
				Base,
			);
			mainGroup = 09AFCD9A1E64B81900AD1343;
			productRefGroup = 09AFCDA41E64B81900AD1343 /* Products */;
			projectDirPath = "";
			projectRoot = "";
			targets = (
				09AFCDA21E64B81900AD1343 /* TM_APPIntroWebService */,
			);
		};
/* End PBXProject section */

/* Begin PBXResourcesBuildPhase section */
		09AFCDA11E64B81900AD1343 /* Resources */ = {
			isa = PBXResourcesBuildPhase;
			buildActionMask = 2147483647;
			files = (
				09AFCDB11E64B81900AD1343 /* LaunchScreen.storyboard in Resources */,
				09AFCDAE1E64B81900AD1343 /* Assets.xcassets in Resources */,
				09AFCDBF1E64BFE400AD1343 /* Podfile in Resources */,
				09AFCDAC1E64B81900AD1343 /* Main.storyboard in Resources */,
			);
			runOnlyForDeploymentPostprocessing = 0;
		};
/* End PBXResourcesBuildPhase section */

/* Begin PBXShellScriptBuildPhase section */
		B7AF4E24263C432C523DA4EA /* [CP] Copy Pods Resources */ = {
			isa = PBXShellScriptBuildPhase;
			buildActionMask = 2147483647;
			files = (
			);
			inputPaths = (
			);
			name = "[CP] Copy Pods Resources";
			outputPaths = (
			);
			runOnlyForDeploymentPostprocessing = 0;
			shellPath = /bin/sh;
			shellScript = "\"${SRCROOT}/Pods/Target Support Files/Pods-TM_APPIntroWebService/Pods-TM_APPIntroWebService-resources.sh\"\n";
			showEnvVarsInLog = 0;
		};
		B9B5AED0BA30AD37BAA9DBA0 /* [CP] Embed Pods Frameworks */ = {
			isa = PBXShellScriptBuildPhase;
			buildActionMask = 2147483647;
			files = (
			);
			inputPaths = (
			);
			name = "[CP] Embed Pods Frameworks";
			outputPaths = (
			);
			runOnlyForDeploymentPostprocessing = 0;
			shellPath = /bin/sh;
			shellScript = "\"${SRCROOT}/Pods/Target Support Files/Pods-TM_APPIntroWebService/Pods-TM_APPIntroWebService-frameworks.sh\"\n";
			showEnvVarsInLog = 0;
		};
		C289632A285CF27A4CD5A26C /* [CP] Check Pods Manifest.lock */ = {
			isa = PBXShellScriptBuildPhase;
			buildActionMask = 2147483647;
			files = (
			);
			inputPaths = (
			);
			name = "[CP] Check Pods Manifest.lock";
			outputPaths = (
			);
			runOnlyForDeploymentPostprocessing = 0;
			shellPath = /bin/sh;
			shellScript = "diff \"${PODS_ROOT}/../Podfile.lock\" \"${PODS_ROOT}/Manifest.lock\" > /dev/null\nif [ $? != 0 ] ; then\n    # print error to STDERR\n    echo \"error: The sandbox is not in sync with the Podfile.lock. Run 'pod install' or update your CocoaPods installation.\" >&2\n    exit 1\nfi\n";
			showEnvVarsInLog = 0;
		};
/* End PBXShellScriptBuildPhase section */

/* Begin PBXSourcesBuildPhase section */
		09AFCD9F1E64B81900AD1343 /* Sources */ = {
			isa = PBXSourcesBuildPhase;
			buildActionMask = 2147483647;
			files = (
				09AFCDBD1E64BA8C00AD1343 /* APIUTILS.swift in Sources */,
				09AFCDB91E64B93A00AD1343 /* TM_PrimerWebServiceTVCTableViewController.swift in Sources */,
				09AFCDA71E64B81900AD1343 /* AppDelegate.swift in Sources */,
				09AFCDBB1E64B96E00AD1343 /* TM_WSPostModel.swift in Sources */,
			);
			runOnlyForDeploymentPostprocessing = 0;
		};
/* End PBXSourcesBuildPhase section */

/* Begin PBXVariantGroup section */
		09AFCDAA1E64B81900AD1343 /* Main.storyboard */ = {
			isa = PBXVariantGroup;
			children = (
				09AFCDAB1E64B81900AD1343 /* Base */,
			);
			name = Main.storyboard;
			sourceTree = "<group>";
		};
		09AFCDAF1E64B81900AD1343 /* LaunchScreen.storyboard */ = {
			isa = PBXVariantGroup;
			children = (
				09AFCDB01E64B81900AD1343 /* Base */,
			);
			name = LaunchScreen.storyboard;
			sourceTree = "<group>";
		};
/* End PBXVariantGroup section */

/* Begin XCBuildConfiguration section */
		09AFCDB31E64B81900AD1343 /* Debug */ = {
			isa = XCBuildConfiguration;
			buildSettings = {
				ALWAYS_SEARCH_USER_PATHS = NO;
				CLANG_ANALYZER_NONNULL = YES;
				CLANG_CXX_LANGUAGE_STANDARD = "gnu++0x";
				CLANG_CXX_LIBRARY = "libc++";
				CLANG_ENABLE_MODULES = YES;
				CLANG_ENABLE_OBJC_ARC = YES;
				CLANG_WARN_BOOL_CONVERSION = YES;
				CLANG_WARN_CONSTANT_CONVERSION = YES;
				CLANG_WARN_DIRECT_OBJC_ISA_USAGE = YES_ERROR;
				CLANG_WARN_DOCUMENTATION_COMMENTS = YES;
				CLANG_WARN_EMPTY_BODY = YES;
				CLANG_WARN_ENUM_CONVERSION = YES;
				CLANG_WARN_INFINITE_RECURSION = YES;
				CLANG_WARN_INT_CONVERSION = YES;
				CLANG_WARN_OBJC_ROOT_CLASS = YES_ERROR;
				CLANG_WARN_SUSPICIOUS_MOVE = YES;
				CLANG_WARN_UNREACHABLE_CODE = YES;
				CLANG_WARN__DUPLICATE_METHOD_MATCH = YES;
				"CODE_SIGN_IDENTITY[sdk=iphoneos*]" = "iPhone Developer";
				COPY_PHASE_STRIP = NO;
				DEBUG_INFORMATION_FORMAT = dwarf;
				ENABLE_STRICT_OBJC_MSGSEND = YES;
				ENABLE_TESTABILITY = YES;
				GCC_C_LANGUAGE_STANDARD = gnu99;
				GCC_DYNAMIC_NO_PIC = NO;
				GCC_NO_COMMON_BLOCKS = YES;
				GCC_OPTIMIZATION_LEVEL = 0;
				GCC_PREPROCESSOR_DEFINITIONS = (
					"DEBUG=1",
					"$(inherited)",
				);
				GCC_WARN_64_TO_32_BIT_CONVERSION = YES;
				GCC_WARN_ABOUT_RETURN_TYPE = YES_ERROR;
				GCC_WARN_UNDECLARED_SELECTOR = YES;
				GCC_WARN_UNINITIALIZED_AUTOS = YES_AGGRESSIVE;
				GCC_WARN_UNUSED_FUNCTION = YES;
				GCC_WARN_UNUSED_VARIABLE = YES;
				IPHONEOS_DEPLOYMENT_TARGET = 10.2;
				MTL_ENABLE_DEBUG_INFO = YES;
				ONLY_ACTIVE_ARCH = YES;
				SDKROOT = iphoneos;
				SWIFT_ACTIVE_COMPILATION_CONDITIONS = DEBUG;
				SWIFT_OPTIMIZATION_LEVEL = "-Onone";
				TARGETED_DEVICE_FAMILY = "1,2";
			};
			name = Debug;
		};
		09AFCDB41E64B81900AD1343 /* Release */ = {
			isa = XCBuildConfiguration;
			buildSettings = {
				ALWAYS_SEARCH_USER_PATHS = NO;
				CLANG_ANALYZER_NONNULL = YES;
				CLANG_CXX_LANGUAGE_STANDARD = "gnu++0x";
				CLANG_CXX_LIBRARY = "libc++";
				CLANG_ENABLE_MODULES = YES;
				CLANG_ENABLE_OBJC_ARC = YES;
				CLANG_WARN_BOOL_CONVERSION = YES;
				CLANG_WARN_CONSTANT_CONVERSION = YES;
				CLANG_WARN_DIRECT_OBJC_ISA_USAGE = YES_ERROR;
				CLANG_WARN_DOCUMENTATION_COMMENTS = YES;
				CLANG_WARN_EMPTY_BODY = YES;
				CLANG_WARN_ENUM_CONVERSION = YES;
				CLANG_WARN_INFINITE_RECURSION = YES;
				CLANG_WARN_INT_CONVERSION = YES;
				CLANG_WARN_OBJC_ROOT_CLASS = YES_ERROR;
				CLANG_WARN_SUSPICIOUS_MOVE = YES;
				CLANG_WARN_UNREACHABLE_CODE = YES;
				CLANG_WARN__DUPLICATE_METHOD_MATCH = YES;
				"CODE_SIGN_IDENTITY[sdk=iphoneos*]" = "iPhone Developer";
				COPY_PHASE_STRIP = NO;
				DEBUG_INFORMATION_FORMAT = "dwarf-with-dsym";
				ENABLE_NS_ASSERTIONS = NO;
				ENABLE_STRICT_OBJC_MSGSEND = YES;
				GCC_C_LANGUAGE_STANDARD = gnu99;
				GCC_NO_COMMON_BLOCKS = YES;
				GCC_WARN_64_TO_32_BIT_CONVERSION = YES;
				GCC_WARN_ABOUT_RETURN_TYPE = YES_ERROR;
				GCC_WARN_UNDECLARED_SELECTOR = YES;
				GCC_WARN_UNINITIALIZED_AUTOS = YES_AGGRESSIVE;
				GCC_WARN_UNUSED_FUNCTION = YES;
				GCC_WARN_UNUSED_VARIABLE = YES;
				IPHONEOS_DEPLOYMENT_TARGET = 10.2;
				MTL_ENABLE_DEBUG_INFO = NO;
				SDKROOT = iphoneos;
				SWIFT_OPTIMIZATION_LEVEL = "-Owholemodule";
				TARGETED_DEVICE_FAMILY = "1,2";
				VALIDATE_PRODUCT = YES;
			};
			name = Release;
		};
		09AFCDB61E64B81900AD1343 /* Debug */ = {
			isa = XCBuildConfiguration;
			baseConfigurationReference = A6C391C4FDBD1BE4051BCAA4 /* Pods-TM_APPIntroWebService.debug.xcconfig */;
			buildSettings = {
				ASSETCATALOG_COMPILER_APPICON_NAME = AppIcon;
				INFOPLIST_FILE = TM_APPIntroWebService/Info.plist;
				LD_RUNPATH_SEARCH_PATHS = "$(inherited) @executable_path/Frameworks";
				PRODUCT_BUNDLE_IDENTIFIER = "cice.TM-APPIntroWebService";
				PRODUCT_NAME = "$(TARGET_NAME)";
				SWIFT_VERSION = 3.0;
			};
			name = Debug;
		};
		09AFCDB71E64B81900AD1343 /* Release */ = {
			isa = XCBuildConfiguration;
			baseConfigurationReference = 8E1386C742DD9E501BCB8197 /* Pods-TM_APPIntroWebService.release.xcconfig */;
			buildSettings = {
				ASSETCATALOG_COMPILER_APPICON_NAME = AppIcon;
				INFOPLIST_FILE = TM_APPIntroWebService/Info.plist;
				LD_RUNPATH_SEARCH_PATHS = "$(inherited) @executable_path/Frameworks";
				PRODUCT_BUNDLE_IDENTIFIER = "cice.TM-APPIntroWebService";
				PRODUCT_NAME = "$(TARGET_NAME)";
				SWIFT_VERSION = 3.0;
			};
			name = Release;
		};
/* End XCBuildConfiguration section */

/* Begin XCConfigurationList section */
		09AFCD9E1E64B81900AD1343 /* Build configuration list for PBXProject "TM_APPIntroWebService" */ = {
			isa = XCConfigurationList;
			buildConfigurations = (
				09AFCDB31E64B81900AD1343 /* Debug */,
				09AFCDB41E64B81900AD1343 /* Release */,
			);
			defaultConfigurationIsVisible = 0;
			defaultConfigurationName = Release;
		};
		09AFCDB51E64B81900AD1343 /* Build configuration list for PBXNativeTarget "TM_APPIntroWebService" */ = {
			isa = XCConfigurationList;
			buildConfigurations = (
				09AFCDB61E64B81900AD1343 /* Debug */,
				09AFCDB71E64B81900AD1343 /* Release */,
			);
			defaultConfigurationIsVisible = 0;
			defaultConfigurationName = Release;
		};
/* End XCConfigurationList section */
	};
	rootObject = 09AFCD9B1E64B81900AD1343 /* Project object */;
}
